
Microsoft Visual Studio Solution File, Format Version 12.00
# Visual Studio 15
VisualStudioVersion = 15.0.26430.6
MinimumVisualStudioVersion = 10.0.40219.1
Project("{FAE04EC0-301F-11D3-BF4B-00C04F79EFBC}") = "SerialEasy", "SerialEasy\SerialEasy.csproj", "{CAB79103-528E-4B21-BEFE-0EA63013E02F}"
EndProject
Project("{FAE04EC0-301F-11D3-BF4B-00C04F79EFBC}") = "Runner", "Runner\Runner.csproj", "{45AAB425-72E9-4E3C-9197-4A0E01CF81F9}"
EndProject
Global
	GlobalSection(SolutionConfigurationPlatforms) = preSolution
		Debug|Any CPU = Debug|Any CPU
		Release|Any CPU = Release|Any CPU
	EndGlobalSection
	GlobalSection(ProjectConfigurationPlatforms) = postSolution
		{CAB79103-528E-4B21-BEFE-0EA63013E02F}.Debug|Any CPU.ActiveCfg = Debug|Any CPU
		{CAB79103-528E-4B21-BEFE-0EA63013E02F}.Debug|Any CPU.Build.0 = Debug|Any CPU
		{CAB79103-528E-4B21-BEFE-0EA63013E02F}.Release|Any CPU.ActiveCfg = Release|Any CPU
		{CAB79103-528E-4B21-BEFE-0EA63013E02F}.Release|Any CPU.Build.0 = Release|Any CPU
		{45AAB425-72E9-4E3C-9197-4A0E01CF81F9}.Debug|Any CPU.ActiveCfg = Debug|Any CPU
		{45AAB425-72E9-4E3C-9197-4A0E01CF81F9}.Debug|Any CPU.Build.0 = Debug|Any CPU
		{45AAB425-72E9-4E3C-9197-4A0E01CF81F9}.Release|Any CPU.ActiveCfg = Release|Any CPU
		{45AAB425-72E9-4E3C-9197-4A0E01CF81F9}.Release|Any CPU.Build.0 = Release|Any CPU
	EndGlobalSection
	GlobalSection(SolutionProperties) = preSolution
		HideSolutionNode = FALSE
	EndGlobalSection
EndGlobal
